
Microsoft Visual Studio Solution File, Format Version 12.00
# Visual Studio Version 17
VisualStudioVersion = 17.11.35327.3
MinimumVisualStudioVersion = 10.0.40219.1
Project("{8BC9CEB8-8B4A-11D0-8D11-00A0C91BC942}") = "CPP excercise 7-1", "CPP excercise\CPP excercise.vcxproj", "{413342D8-4CA9-40D5-B51B-9E57CA64953E}"
EndProject
Project("{8BC9CEB8-8B4A-11D0-8D11-00A0C91BC942}") = "Cpp excercise 7-3", "Cpp excercise 7-3\Cpp excercise 7-3.vcxproj", "{20273AF5-A71A-4A23-B03B-F66721261738}"
EndProject
Project("{8BC9CEB8-8B4A-11D0-8D11-00A0C91BC942}") = "Cpp excercise 4.1", "Cpp excercise 4.1\Cpp excercise 4.1.vcxproj", "{231EDF0C-157D-4422-8C94-AA0B07CF9FBA}"
EndProject
Project("{8BC9CEB8-8B4A-11D0-8D11-00A0C91BC942}") = "Cpp excercise 4-3", "Cpp excercise 4-3\Cpp excercise 4-3.vcxproj", "{840C94B6-0D97-4C84-BA81-45C0DC9D769D}"
EndProject
Project("{8BC9CEB8-8B4A-11D0-8D11-00A0C91BC942}") = "Cpp excercise 5-4", "Cpp excercise 5-4\Cpp excercise 5-4.vcxproj", "{19202092-AF8B-4503-9C09-9144CA59EF9D}"
EndProject
Project("{8BC9CEB8-8B4A-11D0-8D11-00A0C91BC942}") = "Cpp excercise 5-5", "Cpp excercise 5-5\Cpp excercise 5-5.vcxproj", "{FFB0B72E-F859-4A2A-9EED-ACEBFC4B91FB}"
EndProject
Project("{8BC9CEB8-8B4A-11D0-8D11-00A0C91BC942}") = "Cpp excercise 5-6", "Cpp excercise 5-6\Cpp excercise 5-6.vcxproj", "{9013172A-3301-463A-B100-39374B9D04D4}"
EndProject
Project("{8BC9CEB8-8B4A-11D0-8D11-00A0C91BC942}") = "Cpp excercise 4-4&6-3", "Cpp excercise 4-4&6-3\Cpp excercise 4-4&6-3.vcxproj", "{3E86D293-1AEC-49CE-900A-DD65BC48B245}"
EndProject
Project("{8BC9CEB8-8B4A-11D0-8D11-00A0C91BC942}") = "Notes From Cpp", "Notes From Cpp\Notes From Cpp.vcxproj", "{AD3F4376-7A4F-48CC-AA94-365D60FC38B5}"
EndProject
Project("{8BC9CEB8-8B4A-11D0-8D11-00A0C91BC942}") = "Cpp excercise 7-4", "Cpp excercise 7-4\Cpp excercise 7-4.vcxproj", "{0B5B287A-17BE-4D87-A0FB-257569F5B558}"
EndProject
Project("{8BC9CEB8-8B4A-11D0-8D11-00A0C91BC942}") = "Cpp excercise 7-5", "Cpp excercise 7-5\Cpp excercise 7-5.vcxproj", "{3366D663-39A2-4299-AE69-C0C8DAC30475}"
EndProject
Project("{8BC9CEB8-8B4A-11D0-8D11-00A0C91BC942}") = "Cpp excercise 8-1", "Cpp excercise 8-1\Cpp excercise 8-1.vcxproj", "{F82A7DC3-4580-48A4-A013-C0DCEB1F903F}"
EndProject
Project("{8BC9CEB8-8B4A-11D0-8D11-00A0C91BC942}") = "Cpp excercise 8-2", "Cpp excercise 8-2\Cpp excercise 8-2.vcxproj", "{7858B5D4-E84B-4D14-BB8F-3062380DB558}"
EndProject
Project("{8BC9CEB8-8B4A-11D0-8D11-00A0C91BC942}") = "Pastpaper 2020", "Pastpaper 2020\Pastpaper 2020.vcxproj", "{4F24F53C-617F-4024-9874-EF9D59E65402}"
EndProject
Project("{8BC9CEB8-8B4A-11D0-8D11-00A0C91BC942}") = "Pastpaper 2021", "Pastpaper 2021\Pastpaper 2021.vcxproj", "{F86B90FD-A919-4942-8C91-022DA87BB208}"
EndProject
Project("{8BC9CEB8-8B4A-11D0-8D11-00A0C91BC942}") = "Pastpaper 2022", "Pastpaper 2022\Pastpaper 2022.vcxproj", "{FD42FC31-97C8-42A7-A8AB-2B89A82B2EE0}"
EndProject
Project("{8BC9CEB8-8B4A-11D0-8D11-00A0C91BC942}") = "Cpp excercise 6-4", "Cpp excercise 6-4\Cpp excercise 6-4.vcxproj", "{360869EA-68E4-497B-AD10-6EF5C5050D5B}"
EndProject
Project("{8BC9CEB8-8B4A-11D0-8D11-00A0C91BC942}") = "Cpp excercise 7-2", "Cpp excercise 7-2\Cpp excercise 7-2.vcxproj", "{553A8023-34FB-46FA-BFE6-72DC2A2BE585}"
EndProject
Project("{8BC9CEB8-8B4A-11D0-8D11-00A0C91BC942}") = "Cpp excercise 6-5", "Cpp excercise 6-5\Cpp excercise 6-5.vcxproj", "{FD297D3D-ABCD-40C1-91B4-A49714BE0EE2}"
EndProject
Global
	GlobalSection(SolutionConfigurationPlatforms) = preSolution
		Debug|x64 = Debug|x64
		Debug|x86 = Debug|x86
		Release|x64 = Release|x64
		Release|x86 = Release|x86
	EndGlobalSection
	GlobalSection(ProjectConfigurationPlatforms) = postSolution
		{413342D8-4CA9-40D5-B51B-9E57CA64953E}.Debug|x64.ActiveCfg = Debug|x64
		{413342D8-4CA9-40D5-B51B-9E57CA64953E}.Debug|x64.Build.0 = Debug|x64
		{413342D8-4CA9-40D5-B51B-9E57CA64953E}.Debug|x86.ActiveCfg = Debug|Win32
		{413342D8-4CA9-40D5-B51B-9E57CA64953E}.Debug|x86.Build.0 = Debug|Win32
		{413342D8-4CA9-40D5-B51B-9E57CA64953E}.Release|x64.ActiveCfg = Release|x64
		{413342D8-4CA9-40D5-B51B-9E57CA64953E}.Release|x64.Build.0 = Release|x64
		{413342D8-4CA9-40D5-B51B-9E57CA64953E}.Release|x86.ActiveCfg = Release|Win32
		{413342D8-4CA9-40D5-B51B-9E57CA64953E}.Release|x86.Build.0 = Release|Win32
		{20273AF5-A71A-4A23-B03B-F66721261738}.Debug|x64.ActiveCfg = Debug|x64
		{20273AF5-A71A-4A23-B03B-F66721261738}.Debug|x64.Build.0 = Debug|x64
		{20273AF5-A71A-4A23-B03B-F66721261738}.Debug|x86.ActiveCfg = Debug|Win32
		{20273AF5-A71A-4A23-B03B-F66721261738}.Debug|x86.Build.0 = Debug|Win32
		{20273AF5-A71A-4A23-B03B-F66721261738}.Release|x64.ActiveCfg = Release|x64
		{20273AF5-A71A-4A23-B03B-F66721261738}.Release|x64.Build.0 = Release|x64
		{20273AF5-A71A-4A23-B03B-F66721261738}.Release|x86.ActiveCfg = Release|Win32
		{20273AF5-A71A-4A23-B03B-F66721261738}.Release|x86.Build.0 = Release|Win32
		{231EDF0C-157D-4422-8C94-AA0B07CF9FBA}.Debug|x64.ActiveCfg = Debug|x64
		{231EDF0C-157D-4422-8C94-AA0B07CF9FBA}.Debug|x64.Build.0 = Debug|x64
		{231EDF0C-157D-4422-8C94-AA0B07CF9FBA}.Debug|x86.ActiveCfg = Debug|Win32
		{231EDF0C-157D-4422-8C94-AA0B07CF9FBA}.Debug|x86.Build.0 = Debug|Win32
		{231EDF0C-157D-4422-8C94-AA0B07CF9FBA}.Release|x64.ActiveCfg = Release|x64
		{231EDF0C-157D-4422-8C94-AA0B07CF9FBA}.Release|x64.Build.0 = Release|x64
		{231EDF0C-157D-4422-8C94-AA0B07CF9FBA}.Release|x86.ActiveCfg = Release|Win32
		{231EDF0C-157D-4422-8C94-AA0B07CF9FBA}.Release|x86.Build.0 = Release|Win32
		{840C94B6-0D97-4C84-BA81-45C0DC9D769D}.Debug|x64.ActiveCfg = Debug|x64
		{840C94B6-0D97-4C84-BA81-45C0DC9D769D}.Debug|x64.Build.0 = Debug|x64
		{840C94B6-0D97-4C84-BA81-45C0DC9D769D}.Debug|x86.ActiveCfg = Debug|Win32
		{840C94B6-0D97-4C84-BA81-45C0DC9D769D}.Debug|x86.Build.0 = Debug|Win32
		{840C94B6-0D97-4C84-BA81-45C0DC9D769D}.Release|x64.ActiveCfg = Release|x64
		{840C94B6-0D97-4C84-BA81-45C0DC9D769D}.Release|x64.Build.0 = Release|x64
		{840C94B6-0D97-4C84-BA81-45C0DC9D769D}.Release|x86.ActiveCfg = Release|Win32
		{840C94B6-0D97-4C84-BA81-45C0DC9D769D}.Release|x86.Build.0 = Release|Win32
		{19202092-AF8B-4503-9C09-9144CA59EF9D}.Debug|x64.ActiveCfg = Debug|x64
		{19202092-AF8B-4503-9C09-9144CA59EF9D}.Debug|x64.Build.0 = Debug|x64
		{19202092-AF8B-4503-9C09-9144CA59EF9D}.Debug|x86.ActiveCfg = Debug|Win32
		{19202092-AF8B-4503-9C09-9144CA59EF9D}.Debug|x86.Build.0 = Debug|Win32
		{19202092-AF8B-4503-9C09-9144CA59EF9D}.Release|x64.ActiveCfg = Release|x64
		{19202092-AF8B-4503-9C09-9144CA59EF9D}.Release|x64.Build.0 = Release|x64
		{19202092-AF8B-4503-9C09-9144CA59EF9D}.Release|x86.ActiveCfg = Release|Win32
		{19202092-AF8B-4503-9C09-9144CA59EF9D}.Release|x86.Build.0 = Release|Win32
		{FFB0B72E-F859-4A2A-9EED-ACEBFC4B91FB}.Debug|x64.ActiveCfg = Debug|x64
		{FFB0B72E-F859-4A2A-9EED-ACEBFC4B91FB}.Debug|x64.Build.0 = Debug|x64
		{FFB0B72E-F859-4A2A-9EED-ACEBFC4B91FB}.Debug|x86.ActiveCfg = Debug|Win32
		{FFB0B72E-F859-4A2A-9EED-ACEBFC4B91FB}.Debug|x86.Build.0 = Debug|Win32
		{FFB0B72E-F859-4A2A-9EED-ACEBFC4B91FB}.Release|x64.ActiveCfg = Release|x64
		{FFB0B72E-F859-4A2A-9EED-ACEBFC4B91FB}.Release|x64.Build.0 = Release|x64
		{FFB0B72E-F859-4A2A-9EED-ACEBFC4B91FB}.Release|x86.ActiveCfg = Release|Win32
		{FFB0B72E-F859-4A2A-9EED-ACEBFC4B91FB}.Release|x86.Build.0 = Release|Win32
		{9013172A-3301-463A-B100-39374B9D04D4}.Debug|x64.ActiveCfg = Debug|x64
		{9013172A-3301-463A-B100-39374B9D04D4}.Debug|x64.Build.0 = Debug|x64
		{9013172A-3301-463A-B100-39374B9D04D4}.Debug|x86.ActiveCfg = Debug|Win32
		{9013172A-3301-463A-B100-39374B9D04D4}.Debug|x86.Build.0 = Debug|Win32
		{9013172A-3301-463A-B100-39374B9D04D4}.Release|x64.ActiveCfg = Release|x64
		{9013172A-3301-463A-B100-39374B9D04D4}.Release|x64.Build.0 = Release|x64
		{9013172A-3301-463A-B100-39374B9D04D4}.Release|x86.ActiveCfg = Release|Win32
		{9013172A-3301-463A-B100-39374B9D04D4}.Release|x86.Build.0 = Release|Win32
		{3E86D293-1AEC-49CE-900A-DD65BC48B245}.Debug|x64.ActiveCfg = Debug|x64
		{3E86D293-1AEC-49CE-900A-DD65BC48B245}.Debug|x64.Build.0 = Debug|x64
		{3E86D293-1AEC-49CE-900A-DD65BC48B245}.Debug|x86.ActiveCfg = Debug|Win32
		{3E86D293-1AEC-49CE-900A-DD65BC48B245}.Debug|x86.Build.0 = Debug|Win32
		{3E86D293-1AEC-49CE-900A-DD65BC48B245}.Release|x64.ActiveCfg = Release|x64
		{3E86D293-1AEC-49CE-900A-DD65BC48B245}.Release|x64.Build.0 = Release|x64
		{3E86D293-1AEC-49CE-900A-DD65BC48B245}.Release|x86.ActiveCfg = Release|Win32
		{3E86D293-1AEC-49CE-900A-DD65BC48B245}.Release|x86.Build.0 = Release|Win32
		{AD3F4376-7A4F-48CC-AA94-365D60FC38B5}.Debug|x64.ActiveCfg = Debug|x64
		{AD3F4376-7A4F-48CC-AA94-365D60FC38B5}.Debug|x64.Build.0 = Debug|x64
		{AD3F4376-7A4F-48CC-AA94-365D60FC38B5}.Debug|x86.ActiveCfg = Debug|Win32
		{AD3F4376-7A4F-48CC-AA94-365D60FC38B5}.Debug|x86.Build.0 = Debug|Win32
		{AD3F4376-7A4F-48CC-AA94-365D60FC38B5}.Release|x64.ActiveCfg = Release|x64
		{AD3F4376-7A4F-48CC-AA94-365D60FC38B5}.Release|x64.Build.0 = Release|x64
		{AD3F4376-7A4F-48CC-AA94-365D60FC38B5}.Release|x86.ActiveCfg = Release|Win32
		{AD3F4376-7A4F-48CC-AA94-365D60FC38B5}.Release|x86.Build.0 = Release|Win32
		{0B5B287A-17BE-4D87-A0FB-257569F5B558}.Debug|x64.ActiveCfg = Debug|x64
		{0B5B287A-17BE-4D87-A0FB-257569F5B558}.Debug|x64.Build.0 = Debug|x64
		{0B5B287A-17BE-4D87-A0FB-257569F5B558}.Debug|x86.ActiveCfg = Debug|Win32
		{0B5B287A-17BE-4D87-A0FB-257569F5B558}.Debug|x86.Build.0 = Debug|Win32
		{0B5B287A-17BE-4D87-A0FB-257569F5B558}.Release|x64.ActiveCfg = Release|x64
		{0B5B287A-17BE-4D87-A0FB-257569F5B558}.Release|x64.Build.0 = Release|x64
		{0B5B287A-17BE-4D87-A0FB-257569F5B558}.Release|x86.ActiveCfg = Release|Win32
		{0B5B287A-17BE-4D87-A0FB-257569F5B558}.Release|x86.Build.0 = Release|Win32
		{3366D663-39A2-4299-AE69-C0C8DAC30475}.Debug|x64.ActiveCfg = Debug|x64
		{3366D663-39A2-4299-AE69-C0C8DAC30475}.Debug|x64.Build.0 = Debug|x64
		{3366D663-39A2-4299-AE69-C0C8DAC30475}.Debug|x86.ActiveCfg = Debug|Win32
		{3366D663-39A2-4299-AE69-C0C8DAC30475}.Debug|x86.Build.0 = Debug|Win32
		{3366D663-39A2-4299-AE69-C0C8DAC30475}.Release|x64.ActiveCfg = Release|x64
		{3366D663-39A2-4299-AE69-C0C8DAC30475}.Release|x64.Build.0 = Release|x64
		{3366D663-39A2-4299-AE69-C0C8DAC30475}.Release|x86.ActiveCfg = Release|Win32
		{3366D663-39A2-4299-AE69-C0C8DAC30475}.Release|x86.Build.0 = Release|Win32
		{F82A7DC3-4580-48A4-A013-C0DCEB1F903F}.Debug|x64.ActiveCfg = Debug|x64
		{F82A7DC3-4580-48A4-A013-C0DCEB1F903F}.Debug|x64.Build.0 = Debug|x64
		{F82A7DC3-4580-48A4-A013-C0DCEB1F903F}.Debug|x86.ActiveCfg = Debug|Win32
		{F82A7DC3-4580-48A4-A013-C0DCEB1F903F}.Debug|x86.Build.0 = Debug|Win32
		{F82A7DC3-4580-48A4-A013-C0DCEB1F903F}.Release|x64.ActiveCfg = Release|x64
		{F82A7DC3-4580-48A4-A013-C0DCEB1F903F}.Release|x64.Build.0 = Release|x64
		{F82A7DC3-4580-48A4-A013-C0DCEB1F903F}.Release|x86.ActiveCfg = Release|Win32
		{F82A7DC3-4580-48A4-A013-C0DCEB1F903F}.Release|x86.Build.0 = Release|Win32
		{7858B5D4-E84B-4D14-BB8F-3062380DB558}.Debug|x64.ActiveCfg = Debug|x64
		{7858B5D4-E84B-4D14-BB8F-3062380DB558}.Debug|x64.Build.0 = Debug|x64
		{7858B5D4-E84B-4D14-BB8F-3062380DB558}.Debug|x86.ActiveCfg = Debug|Win32
		{7858B5D4-E84B-4D14-BB8F-3062380DB558}.Debug|x86.Build.0 = Debug|Win32
		{7858B5D4-E84B-4D14-BB8F-3062380DB558}.Release|x64.ActiveCfg = Release|x64
		{7858B5D4-E84B-4D14-BB8F-3062380DB558}.Release|x64.Build.0 = Release|x64
		{7858B5D4-E84B-4D14-BB8F-3062380DB558}.Release|x86.ActiveCfg = Release|Win32
		{7858B5D4-E84B-4D14-BB8F-3062380DB558}.Release|x86.Build.0 = Release|Win32
		{4F24F53C-617F-4024-9874-EF9D59E65402}.Debug|x64.ActiveCfg = Debug|x64
		{4F24F53C-617F-4024-9874-EF9D59E65402}.Debug|x64.Build.0 = Debug|x64
		{4F24F53C-617F-4024-9874-EF9D59E65402}.Debug|x86.ActiveCfg = Debug|Win32
		{4F24F53C-617F-4024-9874-EF9D59E65402}.Debug|x86.Build.0 = Debug|Win32
		{4F24F53C-617F-4024-9874-EF9D59E65402}.Release|x64.ActiveCfg = Release|x64
		{4F24F53C-617F-4024-9874-EF9D59E65402}.Release|x64.Build.0 = Release|x64
		{4F24F53C-617F-4024-9874-EF9D59E65402}.Release|x86.ActiveCfg = Release|Win32
		{4F24F53C-617F-4024-9874-EF9D59E65402}.Release|x86.Build.0 = Release|Win32
		{F86B90FD-A919-4942-8C91-022DA87BB208}.Debug|x64.ActiveCfg = Debug|x64
		{F86B90FD-A919-4942-8C91-022DA87BB208}.Debug|x64.Build.0 = Debug|x64
		{F86B90FD-A919-4942-8C91-022DA87BB208}.Debug|x86.ActiveCfg = Debug|Win32
		{F86B90FD-A919-4942-8C91-022DA87BB208}.Debug|x86.Build.0 = Debug|Win32
		{F86B90FD-A919-4942-8C91-022DA87BB208}.Release|x64.ActiveCfg = Release|x64
		{F86B90FD-A919-4942-8C91-022DA87BB208}.Release|x64.Build.0 = Release|x64
		{F86B90FD-A919-4942-8C91-022DA87BB208}.Release|x86.ActiveCfg = Release|Win32
		{F86B90FD-A919-4942-8C91-022DA87BB208}.Release|x86.Build.0 = Release|Win32
		{FD42FC31-97C8-42A7-A8AB-2B89A82B2EE0}.Debug|x64.ActiveCfg = Debug|x64
		{FD42FC31-97C8-42A7-A8AB-2B89A82B2EE0}.Debug|x64.Build.0 = Debug|x64
		{FD42FC31-97C8-42A7-A8AB-2B89A82B2EE0}.Debug|x86.ActiveCfg = Debug|Win32
		{FD42FC31-97C8-42A7-A8AB-2B89A82B2EE0}.Debug|x86.Build.0 = Debug|Win32
		{FD42FC31-97C8-42A7-A8AB-2B89A82B2EE0}.Release|x64.ActiveCfg = Release|x64
		{FD42FC31-97C8-42A7-A8AB-2B89A82B2EE0}.Release|x64.Build.0 = Release|x64
		{FD42FC31-97C8-42A7-A8AB-2B89A82B2EE0}.Release|x86.ActiveCfg = Release|Win32
		{FD42FC31-97C8-42A7-A8AB-2B89A82B2EE0}.Release|x86.Build.0 = Release|Win32
		{360869EA-68E4-497B-AD10-6EF5C5050D5B}.Debug|x64.ActiveCfg = Debug|x64
		{360869EA-68E4-497B-AD10-6EF5C5050D5B}.Debug|x64.Build.0 = Debug|x64
		{360869EA-68E4-497B-AD10-6EF5C5050D5B}.Debug|x86.ActiveCfg = Debug|Win32
		{360869EA-68E4-497B-AD10-6EF5C5050D5B}.Debug|x86.Build.0 = Debug|Win32
		{360869EA-68E4-497B-AD10-6EF5C5050D5B}.Release|x64.ActiveCfg = Release|x64
		{360869EA-68E4-497B-AD10-6EF5C5050D5B}.Release|x64.Build.0 = Release|x64
		{360869EA-68E4-497B-AD10-6EF5C5050D5B}.Release|x86.ActiveCfg = Release|Win32
		{360869EA-68E4-497B-AD10-6EF5C5050D5B}.Release|x86.Build.0 = Release|Win32
		{553A8023-34FB-46FA-BFE6-72DC2A2BE585}.Debug|x64.ActiveCfg = Debug|x64
		{553A8023-34FB-46FA-BFE6-72DC2A2BE585}.Debug|x64.Build.0 = Debug|x64
		{553A8023-34FB-46FA-BFE6-72DC2A2BE585}.Debug|x86.ActiveCfg = Debug|Win32
		{553A8023-34FB-46FA-BFE6-72DC2A2BE585}.Debug|x86.Build.0 = Debug|Win32
		{553A8023-34FB-46FA-BFE6-72DC2A2BE585}.Release|x64.ActiveCfg = Release|x64
		{553A8023-34FB-46FA-BFE6-72DC2A2BE585}.Release|x64.Build.0 = Release|x64
		{553A8023-34FB-46FA-BFE6-72DC2A2BE585}.Release|x86.ActiveCfg = Release|Win32
		{553A8023-34FB-46FA-BFE6-72DC2A2BE585}.Release|x86.Build.0 = Release|Win32
		{FD297D3D-ABCD-40C1-91B4-A49714BE0EE2}.Debug|x64.ActiveCfg = Debug|x64
		{FD297D3D-ABCD-40C1-91B4-A49714BE0EE2}.Debug|x64.Build.0 = Debug|x64
		{FD297D3D-ABCD-40C1-91B4-A49714BE0EE2}.Debug|x86.ActiveCfg = Debug|Win32
		{FD297D3D-ABCD-40C1-91B4-A49714BE0EE2}.Debug|x86.Build.0 = Debug|Win32
		{FD297D3D-ABCD-40C1-91B4-A49714BE0EE2}.Release|x64.ActiveCfg = Release|x64
		{FD297D3D-ABCD-40C1-91B4-A49714BE0EE2}.Release|x64.Build.0 = Release|x64
		{FD297D3D-ABCD-40C1-91B4-A49714BE0EE2}.Release|x86.ActiveCfg = Release|Win32
		{FD297D3D-ABCD-40C1-91B4-A49714BE0EE2}.Release|x86.Build.0 = Release|Win32
	EndGlobalSection
	GlobalSection(SolutionProperties) = preSolution
		HideSolutionNode = FALSE
	EndGlobalSection
	GlobalSection(ExtensibilityGlobals) = postSolution
		SolutionGuid = {E30D1159-388E-4B75-B373-BCF3C11F1286}
	EndGlobalSection
EndGlobal
